
Microsoft Visual Studio Solution File, Format Version 12.00
# Visual Studio Version 17
VisualStudioVersion = 17.0.32112.339
MinimumVisualStudioVersion = 10.0.40219.1
Project("{FAE04EC0-301F-11D3-BF4B-00C04F79EFBC}") = "For Ornekleri ve Yildiz Desenleri", "For Ornekleri ve Yıldız Desenleri\For Ornekleri ve Yildiz Desenleri.csproj", "{728A292B-BF33-4FD6-A9CE-B4992CE0F3A0}"
EndProject
Global
	GlobalSection(SolutionConfigurationPlatforms) = preSolution
		Debug|Any CPU = Debug|Any CPU
		Release|Any CPU = Release|Any CPU
	EndGlobalSection
	GlobalSection(ProjectConfigurationPlatforms) = postSolution
		{728A292B-BF33-4FD6-A9CE-B4992CE0F3A0}.Debug|Any CPU.ActiveCfg = Debug|Any CPU
		{728A292B-BF33-4FD6-A9CE-B4992CE0F3A0}.Debug|Any CPU.Build.0 = Debug|Any CPU
		{728A292B-BF33-4FD6-A9CE-B4992CE0F3A0}.Release|Any CPU.ActiveCfg = Release|Any CPU
		{728A292B-BF33-4FD6-A9CE-B4992CE0F3A0}.Release|Any CPU.Build.0 = Release|Any CPU
	EndGlobalSection
	GlobalSection(SolutionProperties) = preSolution
		HideSolutionNode = FALSE
	EndGlobalSection
	GlobalSection(ExtensibilityGlobals) = postSolution
		SolutionGuid = {79D42887-3AB9-4983-8190-3495C2BA7231}
	EndGlobalSection
EndGlobal
